
Microsoft Visual Studio Solution File, Format Version 12.00
# Visual Studio Version 17
VisualStudioVersion = 17.10.34916.146
MinimumVisualStudioVersion = 10.0.40219.1
Project("{FAE04EC0-301F-11D3-BF4B-00C04F79EFBC}") = "PrograAvanzadaG3", "PrograAvanzadaG3\PrograAvanzadaG3.csproj", "{56FCD8AA-0991-48F2-8491-904C566604F1}"
EndProject
Global
	GlobalSection(SolutionConfigurationPlatforms) = preSolution
		Debug|Any CPU = Debug|Any CPU
		Release|Any CPU = Release|Any CPU
	EndGlobalSection
	GlobalSection(ProjectConfigurationPlatforms) = postSolution
		{56FCD8AA-0991-48F2-8491-904C566604F1}.Debug|Any CPU.ActiveCfg = Debug|Any CPU
		{56FCD8AA-0991-48F2-8491-904C566604F1}.Debug|Any CPU.Build.0 = Debug|Any CPU
		{56FCD8AA-0991-48F2-8491-904C566604F1}.Release|Any CPU.ActiveCfg = Release|Any CPU
		{56FCD8AA-0991-48F2-8491-904C566604F1}.Release|Any CPU.Build.0 = Release|Any CPU
	EndGlobalSection
	GlobalSection(SolutionProperties) = preSolution
		HideSolutionNode = FALSE
	EndGlobalSection
	GlobalSection(ExtensibilityGlobals) = postSolution
		SolutionGuid = {95415557-FDE3-41FF-B95E-E25DBB9515B1}
	EndGlobalSection
EndGlobal
